Microsoft Visual Studio Solution File, Format Version 12.00
# Visual Studio Version 17
VisualStudioVersion = 17.5.2.0
MinimumVisualStudioVersion = 10.0.40219.1
Project("{FAE04EC0-301F-11D3-BF4B-00C04F79EFBC}") = "SanburyLifeScience.Web", "SanburyLifeScience.Web.csproj", "{640657DA-6EDF-EF21-D615-E90B371A578D}"
EndProject
Global
	GlobalSection(SolutionConfigurationPlatforms) = preSolution
		Debug|Any CPU = Debug|Any CPU
		Release|Any CPU = Release|Any CPU
	EndGlobalSection
	GlobalSection(ProjectConfigurationPlatforms) = postSolution
		{640657DA-6EDF-EF21-D615-E90B371A578D}.Debug|Any CPU.ActiveCfg = Debug|Any CPU
		{640657DA-6EDF-EF21-D615-E90B371A578D}.Debug|Any CPU.Build.0 = Debug|Any CPU
		{640657DA-6EDF-EF21-D615-E90B371A578D}.Release|Any CPU.ActiveCfg = Release|Any CPU
		{640657DA-6EDF-EF21-D615-E90B371A578D}.Release|Any CPU.Build.0 = Release|Any CPU
	EndGlobalSection
	GlobalSection(SolutionProperties) = preSolution
		HideSolutionNode = FALSE
	EndGlobalSection
	GlobalSection(ExtensibilityGlobals) = postSolution
		SolutionGuid = {3CEF5999-E981-4907-B96E-2936FA805BC2}
	EndGlobalSection
EndGlobal
